Microsoft Visual Studio Solution File, Format Version 12.00
# Visual Studio Version 17
VisualStudioVersion = 17.5.2.0
MinimumVisualStudioVersion = 10.0.40219.1
Project("{2150E333-8FDC-42A3-9474-1A3956D46DE8}") = "GatewayProject", "GatewayProject", "{252E8FC1-FBFC-C8F5-2977-CDCA366B5426}"
EndProject
Project("{2150E333-8FDC-42A3-9474-1A3956D46DE8}") = "Services", "Services", "{A183FE12-8011-1D37-F6A8-760711375FA6}"
EndProject
Project("{FAE04EC0-301F-11D3-BF4B-00C04F79EFBC}") = "apiPedidos", "GatewayProject\Services\apiPedidos\apiPedidos.csproj", "{270A9A7C-2EE6-7E5B-A570-30F88A5C81EF}"
EndProject
Project("{FAE04EC0-301F-11D3-BF4B-00C04F79EFBC}") = "apiProdutos", "GatewayProject\Services\apiProdutos\apiProdutos.csproj", "{DBDE2DBF-34AF-3A7F-D2E5-1F4D1EB126C5}"
EndProject
Global
	GlobalSection(SolutionConfigurationPlatforms) = preSolution
		Debug|Any CPU = Debug|Any CPU
		Release|Any CPU = Release|Any CPU
	EndGlobalSection
	GlobalSection(ProjectConfigurationPlatforms) = postSolution
		{270A9A7C-2EE6-7E5B-A570-30F88A5C81EF}.Debug|Any CPU.ActiveCfg = Debug|Any CPU
		{270A9A7C-2EE6-7E5B-A570-30F88A5C81EF}.Debug|Any CPU.Build.0 = Debug|Any CPU
		{270A9A7C-2EE6-7E5B-A570-30F88A5C81EF}.Release|Any CPU.ActiveCfg = Release|Any CPU
		{270A9A7C-2EE6-7E5B-A570-30F88A5C81EF}.Release|Any CPU.Build.0 = Release|Any CPU
		{DBDE2DBF-34AF-3A7F-D2E5-1F4D1EB126C5}.Debug|Any CPU.ActiveCfg = Debug|Any CPU
		{DBDE2DBF-34AF-3A7F-D2E5-1F4D1EB126C5}.Debug|Any CPU.Build.0 = Debug|Any CPU
		{DBDE2DBF-34AF-3A7F-D2E5-1F4D1EB126C5}.Release|Any CPU.ActiveCfg = Release|Any CPU
		{DBDE2DBF-34AF-3A7F-D2E5-1F4D1EB126C5}.Release|Any CPU.Build.0 = Release|Any CPU
	EndGlobalSection
	GlobalSection(SolutionProperties) = preSolution
		HideSolutionNode = FALSE
	EndGlobalSection
	GlobalSection(NestedProjects) = preSolution
		{A183FE12-8011-1D37-F6A8-760711375FA6} = {252E8FC1-FBFC-C8F5-2977-CDCA366B5426}
		{270A9A7C-2EE6-7E5B-A570-30F88A5C81EF} = {A183FE12-8011-1D37-F6A8-760711375FA6}
		{DBDE2DBF-34AF-3A7F-D2E5-1F4D1EB126C5} = {A183FE12-8011-1D37-F6A8-760711375FA6}
	EndGlobalSection
	GlobalSection(ExtensibilityGlobals) = postSolution
		SolutionGuid = {652F90C4-8D4C-47EA-99D5-0135B9858295}
	EndGlobalSection
EndGlobal
